
Microsoft Visual Studio Solution File, Format Version 12.00
# Visual Studio Version 17
VisualStudioVersion = 17.7.34018.315
MinimumVisualStudioVersion = 10.0.40219.1
Project("{FAE04EC0-301F-11D3-BF4B-00C04F79EFBC}") = "veriAnalizSirketi__2", "veriAnalizSirketi__2.csproj", "{0F391031-DE40-4A42-B1C2-798D4505FFF2}"
EndProject
Global
	GlobalSection(SolutionConfigurationPlatforms) = preSolution
		Debug|Any CPU = Debug|Any CPU
		Release|Any CPU = Release|Any CPU
	EndGlobalSection
	GlobalSection(ProjectConfigurationPlatforms) = postSolution
		{0F391031-DE40-4A42-B1C2-798D4505FFF2}.Debug|Any CPU.ActiveCfg = Debug|Any CPU
		{0F391031-DE40-4A42-B1C2-798D4505FFF2}.Debug|Any CPU.Build.0 = Debug|Any CPU
		{0F391031-DE40-4A42-B1C2-798D4505FFF2}.Release|Any CPU.ActiveCfg = Release|Any CPU
		{0F391031-DE40-4A42-B1C2-798D4505FFF2}.Release|Any CPU.Build.0 = Release|Any CPU
	EndGlobalSection
	GlobalSection(SolutionProperties) = preSolution
		HideSolutionNode = FALSE
	EndGlobalSection
	GlobalSection(ExtensibilityGlobals) = postSolution
		SolutionGuid = {CD7680E0-DCC1-4805-8D1B-6F54133341C4}
	EndGlobalSection
EndGlobal
